// !$*UTF8*$!
{
	archiveVersion = 1;
	classes = {
	};
	objectVersion = 56;
	objects = {

/* Begin PBXBuildFile section */
		F569F3F02B6DD14C0068B84B /* FIrebaseSwiftUIApp.swift in Sources */ = {isa = PBXBuildFile; fileRef = F569F3EF2B6DD14C0068B84B /* FIrebaseSwiftUIApp.swift */; };
		F569F3F22B6DD14C0068B84B /* ContentView.swift in Sources */ = {isa = PBXBuildFile; fileRef = F569F3F12B6DD14C0068B84B /* ContentView.swift */; };
		F569F3F42B6DD14D0068B84B /* Assets.xcassets in Resources */ = {isa = PBXBuildFile; fileRef = F569F3F32B6DD14D0068B84B /* Assets.xcassets */; };
		F569F3F72B6DD14D0068B84B /* Preview Assets.xcassets in Resources */ = {isa = PBXBuildFile; fileRef = F569F3F62B6DD14D0068B84B /* Preview Assets.xcassets */; };
		F569F4012B6DD14E0068B84B /* FIrebaseSwiftUITests.swift in Sources */ = {isa = PBXBuildFile; fileRef = F569F4002B6DD14E0068B84B /* FIrebaseSwiftUITests.swift */; };
		F569F40B2B6DD14E0068B84B /* FIrebaseSwiftUIUITests.swift in Sources */ = {isa = PBXBuildFile; fileRef = F569F40A2B6DD14E0068B84B /* FIrebaseSwiftUIUITests.swift */; };
		F569F40D2B6DD14E0068B84B /* FIrebaseSwiftUIUITestsLaunchTests.swift in Sources */ = {isa = PBXBuildFile; fileRef = F569F40C2B6DD14E0068B84B /* FIrebaseSwiftUIUITestsLaunchTests.swift */; };
		F569F41B2B6DD7860068B84B /* GoogleService-Info.plist in Resources */ = {isa = PBXBuildFile; fileRef = F569F41A2B6DD7860068B84B /* GoogleService-Info.plist */; };
		F569F41E2B6DD7FB0068B84B /* FirebaseAuth in Frameworks */ = {isa = PBXBuildFile; productRef = F569F41D2B6DD7FB0068B84B /* FirebaseAuth */; };
		F569F4232B6DD8430068B84B /* SignInView.swift in Sources */ = {isa = PBXBuildFile; fileRef = F569F4222B6DD8430068B84B /* SignInView.swift */; };
		F569F4252B6DD84D0068B84B /* SignUpView.swift in Sources */ = {isa = PBXBuildFile; fileRef = F569F4242B6DD84D0068B84B /* SignUpView.swift */; };
		F569F4272B6DD85D0068B84B /* ProfileSetUpView.swift in Sources */ = {isa = PBXBuildFile; fileRef = F569F4262B6DD85D0068B84B /* ProfileSetUpView.swift */; };
		F569F4292B6DD87B0068B84B /* HelloView.swift in Sources */ = {isa = PBXBuildFile; fileRef = F569F4282B6DD87B0068B84B /* HelloView.swift */; };
		F569F42B2B6DDAD60068B84B /* MainView.swift in Sources */ = {isa = PBXBuildFile; fileRef = F569F42A2B6DDAD60068B84B /* MainView.swift */; };
		F569F42F2B6DDD810068B84B /* AuthViewModel.swift in Sources */ = {isa = PBXBuildFile; fileRef = F569F42E2B6DDD810068B84B /* AuthViewModel.swift */; };
		F569F4322B6DE76D0068B84B /* FirebaseDatabase in Frameworks */ = {isa = PBXBuildFile; productRef = F569F4312B6DE76D0068B84B /* FirebaseDatabase */; };
		F569F4342B6E072C0068B84B /* LoadingView.swift in Sources */ = {isa = PBXBuildFile; fileRef = F569F4332B6E072C0068B84B /* LoadingView.swift */; };
/* End PBXBuildFile section */

/* Begin PBXContainerItemProxy section */
		F569F3FD2B6DD14E0068B84B /* PBXContainerItemProxy */ = {
			isa = PBXContainerItemProxy;
			containerPortal = F569F3E42B6DD14C0068B84B /* Project object */;
			proxyType = 1;
			remoteGlobalIDString = F569F3EB2B6DD14C0068B84B;
			remoteInfo = FIrebaseSwiftUI;
		};
		F569F4072B6DD14E0068B84B /* PBXContainerItemProxy */ = {
			isa = PBXContainerItemProxy;
			containerPortal = F569F3E42B6DD14C0068B84B /* Project object */;
			proxyType = 1;
			remoteGlobalIDString = F569F3EB2B6DD14C0068B84B;
			remoteInfo = FIrebaseSwiftUI;
		};
/* End PBXContainerItemProxy section */

/* Begin PBXFileReference section */
		F569F3EC2B6DD14C0068B84B /* FIrebaseSwiftUI.app */ = {isa = PBXFileReference; explicitFileType = wrapper.application; includeInIndex = 0; path = FIrebaseSwiftUI.app; sourceTree = BUILT_PRODUCTS_DIR; };
		F569F3EF2B6DD14C0068B84B /* FIrebaseSwiftUIApp.swift */ = {isa = PBXFileReference; lastKnownFileType = sourcecode.swift; path = FIrebaseSwiftUIApp.swift; sourceTree = "<group>"; };
		F569F3F12B6DD14C0068B84B /* ContentView.swift */ = {isa = PBXFileReference; lastKnownFileType = sourcecode.swift; path = ContentView.swift; sourceTree = "<group>"; };
		F569F3F32B6DD14D0068B84B /* Assets.xcassets */ = {isa = PBXFileReference; lastKnownFileType = folder.assetcatalog; path = Assets.xcassets; sourceTree = "<group>"; };
		F569F3F62B6DD14D0068B84B /* Preview Assets.xcassets */ = {isa = PBXFileReference; lastKnownFileType = folder.assetcatalog; path = "Preview Assets.xcassets"; sourceTree = "<group>"; };
		F569F3FC2B6DD14E0068B84B /* FIrebaseSwiftUITests.xctest */ = {isa = PBXFileReference; explicitFileType = wrapper.cfbundle; includeInIndex = 0; path = FIrebaseSwiftUITests.xctest; sourceTree = BUILT_PRODUCTS_DIR; };
		F569F4002B6DD14E0068B84B /* FIrebaseSwiftUITests.swift */ = {isa = PBXFileReference; lastKnownFileType = sourcecode.swift; path = FIrebaseSwiftUITests.swift; sourceTree = "<group>"; };
		F569F4062B6DD14E0068B84B /* FIrebaseSwiftUIUITests.xctest */ = {isa = PBXFileReference; explicitFileType = wrapper.cfbundle; includeInIndex = 0; path = FIrebaseSwiftUIUITests.xctest; sourceTree = BUILT_PRODUCTS_DIR; };
		F569F40A2B6DD14E0068B84B /* FIrebaseSwiftUIUITests.swift */ = {isa = PBXFileReference; lastKnownFileType = sourcecode.swift; path = FIrebaseSwiftUIUITests.swift; sourceTree = "<group>"; };
		F569F40C2B6DD14E0068B84B /* FIrebaseSwiftUIUITestsLaunchTests.swift */ = {isa = PBXFileReference; lastKnownFileType = sourcecode.swift; path = FIrebaseSwiftUIUITestsLaunchTests.swift; sourceTree = "<group>"; };
		F569F41A2B6DD7860068B84B /* GoogleService-Info.plist */ = {isa = PBXFileReference; fileEncoding = 4; lastKnownFileType = text.plist.xml; path = "GoogleService-Info.plist"; sourceTree = "<group>"; };
		F569F4222B6DD8430068B84B /* SignInView.swift */ = {isa = PBXFileReference; lastKnownFileType = sourcecode.swift; path = SignInView.swift; sourceTree = "<group>"; };
		F569F4242B6DD84D0068B84B /* SignUpView.swift */ = {isa = PBXFileReference; lastKnownFileType = sourcecode.swift; path = SignUpView.swift; sourceTree = "<group>"; };
		F569F4262B6DD85D0068B84B /* ProfileSetUpView.swift */ = {isa = PBXFileReference; lastKnownFileType = sourcecode.swift; path = ProfileSetUpView.swift; sourceTree = "<group>"; };
		F569F4282B6DD87B0068B84B /* HelloView.swift */ = {isa = PBXFileReference; lastKnownFileType = sourcecode.swift; path = HelloView.swift; sourceTree = "<group>"; };
		F569F42A2B6DDAD60068B84B /* MainView.swift */ = {isa = PBXFileReference; lastKnownFileType = sourcecode.swift; path = MainView.swift; sourceTree = "<group>"; };
		F569F42E2B6DDD810068B84B /* AuthViewModel.swift */ = {isa = PBXFileReference; lastKnownFileType = sourcecode.swift; path = AuthViewModel.swift; sourceTree = "<group>"; };
		F569F4332B6E072C0068B84B /* LoadingView.swift */ = {isa = PBXFileReference; lastKnownFileType = sourcecode.swift; path = LoadingView.swift; sourceTree = "<group>"; };
/* End PBXFileReference section */

/* Begin PBXFrameworksBuildPhase section */
		F569F3E92B6DD14C0068B84B /* Frameworks */ = {
			isa = PBXFrameworksBuildPhase;
			buildActionMask = 2147483647;
			files = (
				F569F4322B6DE76D0068B84B /* FirebaseDatabase in Frameworks */,
				F569F41E2B6DD7FB0068B84B /* FirebaseAuth in Frameworks */,
			);
			runOnlyForDeploymentPostprocessing = 0;
		};
		F569F3F92B6DD14E0068B84B /* Frameworks */ = {
			isa = PBXFrameworksBuildPhase;
			buildActionMask = 2147483647;
			files = (
			);
			runOnlyForDeploymentPostprocessing = 0;
		};
		F569F4032B6DD14E0068B84B /* Frameworks */ = {
			isa = PBXFrameworksBuildPhase;
			buildActionMask = 2147483647;
			files = (
			);
			runOnlyForDeploymentPostprocessing = 0;
		};
/* End PBXFrameworksBuildPhase section */

/* Begin PBXGroup section */
		F569F3E32B6DD14C0068B84B = {
			isa = PBXGroup;
			children = (
				F569F3EE2B6DD14C0068B84B /* FIrebaseSwiftUI */,
				F569F3FF2B6DD14E0068B84B /* FIrebaseSwiftUITests */,
				F569F4092B6DD14E0068B84B /* FIrebaseSwiftUIUITests */,
				F569F3ED2B6DD14C0068B84B /* Products */,
				F569F4302B6DE76D0068B84B /* Frameworks */,
			);
			sourceTree = "<group>";
		};
		F569F3ED2B6DD14C0068B84B /* Products */ = {
			isa = PBXGroup;
			children = (
				F569F3EC2B6DD14C0068B84B /* FIrebaseSwiftUI.app */,
				F569F3FC2B6DD14E0068B84B /* FIrebaseSwiftUITests.xctest */,
				F569F4062B6DD14E0068B84B /* FIrebaseSwiftUIUITests.xctest */,
			);
			name = Products;
			sourceTree = "<group>";
		};
		F569F3EE2B6DD14C0068B84B /* FIrebaseSwiftUI */ = {
			isa = PBXGroup;
			children = (
				F569F42D2B6DDC620068B84B /* ViewModels */,
				F569F42C2B6DDC500068B84B /* Models */,
				F569F41A2B6DD7860068B84B /* GoogleService-Info.plist */,
				F569F4192B6DD1610068B84B /* Views */,
				F569F3EF2B6DD14C0068B84B /* FIrebaseSwiftUIApp.swift */,
				F569F3F32B6DD14D0068B84B /* Assets.xcassets */,
				F569F3F52B6DD14D0068B84B /* Preview Content */,
			);
			path = FIrebaseSwiftUI;
			sourceTree = "<group>";
		};
		F569F3F52B6DD14D0068B84B /* Preview Content */ = {
			isa = PBXGroup;
			children = (
				F569F3F62B6DD14D0068B84B /* Preview Assets.xcassets */,
			);
			path = "Preview Content";
			sourceTree = "<group>";
		};
		F569F3FF2B6DD14E0068B84B /* FIrebaseSwiftUITests */ = {
			isa = PBXGroup;
			children = (
				F569F4002B6DD14E0068B84B /* FIrebaseSwiftUITests.swift */,
			);
			path = FIrebaseSwiftUITests;
			sourceTree = "<group>";
		};
		F569F4092B6DD14E0068B84B /* FIrebaseSwiftUIUITests */ = {
			isa = PBXGroup;
			children = (
				F569F40A2B6DD14E0068B84B /* FIrebaseSwiftUIUITests.swift */,
				F569F40C2B6DD14E0068B84B /* FIrebaseSwiftUIUITestsLaunchTests.swift */,
			);
			path = FIrebaseSwiftUIUITests;
			sourceTree = "<group>";
		};
		F569F4192B6DD1610068B84B /* Views */ = {
			isa = PBXGroup;
			children = (
				F569F4212B6DD82E0068B84B /* login */,
				F569F3F12B6DD14C0068B84B /* ContentView.swift */,
				F569F42A2B6DDAD60068B84B /* MainView.swift */,
			);
			path = Views;
			sourceTree = "<group>";
		};
		F569F4212B6DD82E0068B84B /* login */ = {
			isa = PBXGroup;
			children = (
				F569F4222B6DD8430068B84B /* SignInView.swift */,
				F569F4282B6DD87B0068B84B /* HelloView.swift */,
				F569F4332B6E072C0068B84B /* LoadingView.swift */,
				F569F4242B6DD84D0068B84B /* SignUpView.swift */,
				F569F4262B6DD85D0068B84B /* ProfileSetUpView.swift */,
			);
			path = login;
			sourceTree = "<group>";
		};
		F569F42C2B6DDC500068B84B /* Models */ = {
			isa = PBXGroup;
			children = (
			);
			path = Models;
			sourceTree = "<group>";
		};
		F569F42D2B6DDC620068B84B /* ViewModels */ = {
			isa = PBXGroup;
			children = (
				F569F42E2B6DDD810068B84B /* AuthViewModel.swift */,
			);
			path = ViewModels;
			sourceTree = "<group>";
		};
		F569F4302B6DE76D0068B84B /* Frameworks */ = {
			isa = PBXGroup;
			children = (
			);
			name = Frameworks;
			sourceTree = "<group>";
		};
/* End PBXGroup section */

/* Begin PBXNativeTarget section */
		F569F3EB2B6DD14C0068B84B /* FIrebaseSwiftUI */ = {
			isa = PBXNativeTarget;
			buildConfigurationList = F569F4102B6DD14E0068B84B /* Build configuration list for PBXNativeTarget "FIrebaseSwiftUI" */;
			buildPhases = (
				F569F3E82B6DD14C0068B84B /* Sources */,
				F569F3E92B6DD14C0068B84B /* Frameworks */,
				F569F3EA2B6DD14C0068B84B /* Resources */,
			);
			buildRules = (
			);
			dependencies = (
			);
			name = FIrebaseSwiftUI;
			packageProductDependencies = (
				F569F41D2B6DD7FB0068B84B /* FirebaseAuth */,
				F569F4312B6DE76D0068B84B /* FirebaseDatabase */,
			);
			productName = FIrebaseSwiftUI;
			productReference = F569F3EC2B6DD14C0068B84B /* FIrebaseSwiftUI.app */;
			productType = "com.apple.product-type.application";
		};
		F569F3FB2B6DD14E0068B84B /* FIrebaseSwiftUITests */ = {
			isa = PBXNativeTarget;
			buildConfigurationList = F569F4132B6DD14E0068B84B /* Build configuration list for PBXNativeTarget "FIrebaseSwiftUITests" */;
			buildPhases = (
				F569F3F82B6DD14E0068B84B /* Sources */,
				F569F3F92B6DD14E0068B84B /* Frameworks */,
				F569F3FA2B6DD14E0068B84B /* Resources */,
			);
			buildRules = (
			);
			dependencies = (
				F569F3FE2B6DD14E0068B84B /* PBXTargetDependency */,
			);
			name = FIrebaseSwiftUITests;
			productName = FIrebaseSwiftUITests;
			productReference = F569F3FC2B6DD14E0068B84B /* FIrebaseSwiftUITests.xctest */;
			productType = "com.apple.product-type.bundle.unit-test";
		};
		F569F4052B6DD14E0068B84B /* FIrebaseSwiftUIUITests */ = {
			isa = PBXNativeTarget;
			buildConfigurationList = F569F4162B6DD14E0068B84B /* Build configuration list for PBXNativeTarget "FIrebaseSwiftUIUITests" */;
			buildPhases = (
				F569F4022B6DD14E0068B84B /* Sources */,
				F569F4032B6DD14E0068B84B /* Frameworks */,
				F569F4042B6DD14E0068B84B /* Resources */,
			);
			buildRules = (
			);
			dependencies = (
				F569F4082B6DD14E0068B84B /* PBXTargetDependency */,
			);
			name = FIrebaseSwiftUIUITests;
			productName = FIrebaseSwiftUIUITests;
			productReference = F569F4062B6DD14E0068B84B /* FIrebaseSwiftUIUITests.xctest */;
			productType = "com.apple.product-type.bundle.ui-testing";
		};
/* End PBXNativeTarget section */

/* Begin PBXProject section */
		F569F3E42B6DD14C0068B84B /* Project object */ = {
			isa = PBXProject;
			attributes = {
				BuildIndependentTargetsInParallel = 1;
				LastSwiftUpdateCheck = 1520;
				LastUpgradeCheck = 1520;
				TargetAttributes = {
					F569F3EB2B6DD14C0068B84B = {
						CreatedOnToolsVersion = 15.2;
					};
					F569F3FB2B6DD14E0068B84B = {
						CreatedOnToolsVersion = 15.2;
						TestTargetID = F569F3EB2B6DD14C0068B84B;
					};
					F569F4052B6DD14E0068B84B = {
						CreatedOnToolsVersion = 15.2;
						TestTargetID = F569F3EB2B6DD14C0068B84B;
					};
				};
			};
			buildConfigurationList = F569F3E72B6DD14C0068B84B /* Build configuration list for PBXProject "FIrebaseSwiftUI" */;
			compatibilityVersion = "Xcode 14.0";
			developmentRegion = en;
			hasScannedForEncodings = 0;
			knownRegions = (
				en,
				Base,
			);
			mainGroup = F569F3E32B6DD14C0068B84B;
			packageReferences = (
				F569F41C2B6DD7FB0068B84B /* XCRemoteSwiftPackageReference "firebase-ios-sdk" */,
			);
			productRefGroup = F569F3ED2B6DD14C0068B84B /* Products */;
			projectDirPath = "";
			projectRoot = "";
			targets = (
				F569F3EB2B6DD14C0068B84B /* FIrebaseSwiftUI */,
				F569F3FB2B6DD14E0068B84B /* FIrebaseSwiftUITests */,
				F569F4052B6DD14E0068B84B /* FIrebaseSwiftUIUITests */,
			);
		};
/* End PBXProject section */

/* Begin PBXResourcesBuildPhase section */
		F569F3EA2B6DD14C0068B84B /* Resources */ = {
			isa = PBXResourcesBuildPhase;
			buildActionMask = 2147483647;
			files = (
				F569F3F72B6DD14D0068B84B /* Preview Assets.xcassets in Resources */,
				F569F41B2B6DD7860068B84B /* GoogleService-Info.plist in Resources */,
				F569F3F42B6DD14D0068B84B /* Assets.xcassets in Resources */,
			);
			runOnlyForDeploymentPostprocessing = 0;
		};
		F569F3FA2B6DD14E0068B84B /* Resources */ = {
			isa = PBXResourcesBuildPhase;
			buildActionMask = 2147483647;
			files = (
			);
			runOnlyForDeploymentPostprocessing = 0;
		};
		F569F4042B6DD14E0068B84B /* Resources */ = {
			isa = PBXResourcesBuildPhase;
			buildActionMask = 2147483647;
			files = (
			);
			runOnlyForDeploymentPostprocessing = 0;
		};
/* End PBXResourcesBuildPhase section */

/* Begin PBXSourcesBuildPhase section */
		F569F3E82B6DD14C0068B84B /* Sources */ = {
			isa = PBXSourcesBuildPhase;
			buildActionMask = 2147483647;
			files = (
				F569F4252B6DD84D0068B84B /* SignUpView.swift in Sources */,
				F569F42B2B6DDAD60068B84B /* MainView.swift in Sources */,
				F569F4232B6DD8430068B84B /* SignInView.swift in Sources */,
				F569F3F22B6DD14C0068B84B /* ContentView.swift in Sources */,
				F569F42F2B6DDD810068B84B /* AuthViewModel.swift in Sources */,
				F569F4292B6DD87B0068B84B /* HelloView.swift in Sources */,
				F569F4272B6DD85D0068B84B /* ProfileSetUpView.swift in Sources */,
				F569F3F02B6DD14C0068B84B /* FIrebaseSwiftUIApp.swift in Sources */,
				F569F4342B6E072C0068B84B /* LoadingView.swift in Sources */,
			);
			runOnlyForDeploymentPostprocessing = 0;
		};
		F569F3F82B6DD14E0068B84B /* Sources */ = {
			isa = PBXSourcesBuildPhase;
			buildActionMask = 2147483647;
			files = (
				F569F4012B6DD14E0068B84B /* FIrebaseSwiftUITests.swift in Sources */,
			);
			runOnlyForDeploymentPostprocessing = 0;
		};
		F569F4022B6DD14E0068B84B /* Sources */ = {
			isa = PBXSourcesBuildPhase;
			buildActionMask = 2147483647;
			files = (
				F569F40B2B6DD14E0068B84B /* FIrebaseSwiftUIUITests.swift in Sources */,
				F569F40D2B6DD14E0068B84B /* FIrebaseSwiftUIUITestsLaunchTests.swift in Sources */,
			);
			runOnlyForDeploymentPostprocessing = 0;
		};
/* End PBXSourcesBuildPhase section */

/* Begin PBXTargetDependency section */
		F569F3FE2B6DD14E0068B84B /* PBXTargetDependency */ = {
			isa = PBXTargetDependency;
			target = F569F3EB2B6DD14C0068B84B /* FIrebaseSwiftUI */;
			targetProxy = F569F3FD2B6DD14E0068B84B /* PBXContainerItemProxy */;
		};
		F569F4082B6DD14E0068B84B /* PBXTargetDependency */ = {
			isa = PBXTargetDependency;
			target = F569F3EB2B6DD14C0068B84B /* FIrebaseSwiftUI */;
			targetProxy = F569F4072B6DD14E0068B84B /* PBXContainerItemProxy */;
		};
/* End PBXTargetDependency section */

/* Begin XCBuildConfiguration section */
		F569F40E2B6DD14E0068B84B /* Debug */ = {
			isa = XCBuildConfiguration;
			buildSettings = {
				ALWAYS_SEARCH_USER_PATHS = NO;
				ASSETCATALOG_COMPILER_GENERATE_SWIFT_ASSET_SYMBOL_EXTENSIONS = YES;
				CLANG_ANALYZER_NONNULL = YES;
				CLANG_ANALYZER_NUMBER_OBJECT_CONVERSION = YES_AGGRESSIVE;
				CLANG_CXX_LANGUAGE_STANDARD = "gnu++20";
				CLANG_ENABLE_MODULES = YES;
				CLANG_ENABLE_OBJC_ARC = YES;
				CLANG_ENABLE_OBJC_WEAK = YES;
				CLANG_WARN_BLOCK_CAPTURE_AUTORELEASING = YES;
				CLANG_WARN_BOOL_CONVERSION = YES;
				CLANG_WARN_COMMA = YES;
				CLANG_WARN_CONSTANT_CONVERSION = YES;
				CLANG_WARN_DEPRECATED_OBJC_IMPLEMENTATIONS = YES;
				CLANG_WARN_DIRECT_OBJC_ISA_USAGE = YES_ERROR;
				CLANG_WARN_DOCUMENTATION_COMMENTS = YES;
				CLANG_WARN_EMPTY_BODY = YES;
				CLANG_WARN_ENUM_CONVERSION = YES;
				CLANG_WARN_INFINITE_RECURSION = YES;
				CLANG_WARN_INT_CONVERSION = YES;
				CLANG_WARN_NON_LITERAL_NULL_CONVERSION = YES;
				CLANG_WARN_OBJC_IMPLICIT_RETAIN_SELF = YES;
				CLANG_WARN_OBJC_LITERAL_CONVERSION = YES;
				CLANG_WARN_OBJC_ROOT_CLASS = YES_ERROR;
				CLANG_WARN_QUOTED_INCLUDE_IN_FRAMEWORK_HEADER = YES;
				CLANG_WARN_RANGE_LOOP_ANALYSIS = YES;
				CLANG_WARN_STRICT_PROTOTYPES = YES;
				CLANG_WARN_SUSPICIOUS_MOVE = YES;
				CLANG_WARN_UNGUARDED_AVAILABILITY = YES_AGGRESSIVE;
				CLANG_WARN_UNREACHABLE_CODE = YES;
				CLANG_WARN__DUPLICATE_METHOD_MATCH = YES;
				COPY_PHASE_STRIP = NO;
				DEBUG_INFORMATION_FORMAT = dwarf;
				ENABLE_STRICT_OBJC_MSGSEND = YES;
				ENABLE_TESTABILITY = YES;
				ENABLE_USER_SCRIPT_SANDBOXING = YES;
				GCC_C_LANGUAGE_STANDARD = gnu17;
				GCC_DYNAMIC_NO_PIC = NO;
				GCC_NO_COMMON_BLOCKS = YES;
				GCC_OPTIMIZATION_LEVEL = 0;
				GCC_PREPROCESSOR_DEFINITIONS = (
					"DEBUG=1",
					"$(inherited)",
				);
				GCC_WARN_64_TO_32_BIT_CONVERSION = YES;
				GCC_WARN_ABOUT_RETURN_TYPE = YES_ERROR;
				GCC_WARN_UNDECLARED_SELECTOR = YES;
				GCC_WARN_UNINITIALIZED_AUTOS = YES_AGGRESSIVE;
				GCC_WARN_UNUSED_FUNCTION = YES;
				GCC_WARN_UNUSED_VARIABLE = YES;
				IPHONEOS_DEPLOYMENT_TARGET = 17.2;
				LOCALIZATION_PREFERS_STRING_CATALOGS = YES;
				MTL_ENABLE_DEBUG_INFO = INCLUDE_SOURCE;
				MTL_FAST_MATH = YES;
				ONLY_ACTIVE_ARCH = YES;
				SDKROOT = iphoneos;
				SWIFT_ACTIVE_COMPILATION_CONDITIONS = "DEBUG $(inherited)";
				SWIFT_OPTIMIZATION_LEVEL = "-Onone";
			};
			name = Debug;
		};
		F569F40F2B6DD14E0068B84B /* Release */ = {
			isa = XCBuildConfiguration;
			buildSettings = {
				ALWAYS_SEARCH_USER_PATHS = NO;
				ASSETCATALOG_COMPILER_GENERATE_SWIFT_ASSET_SYMBOL_EXTENSIONS = YES;
				CLANG_ANALYZER_NONNULL = YES;
				CLANG_ANALYZER_NUMBER_OBJECT_CONVERSION = YES_AGGRESSIVE;
				CLANG_CXX_LANGUAGE_STANDARD = "gnu++20";
				CLANG_ENABLE_MODULES = YES;
				CLANG_ENABLE_OBJC_ARC = YES;
				CLANG_ENABLE_OBJC_WEAK = YES;
				CLANG_WARN_BLOCK_CAPTURE_AUTORELEASING = YES;
				CLANG_WARN_BOOL_CONVERSION = YES;
				CLANG_WARN_COMMA = YES;
				CLANG_WARN_CONSTANT_CONVERSION = YES;
				CLANG_WARN_DEPRECATED_OBJC_IMPLEMENTATIONS = YES;
				CLANG_WARN_DIRECT_OBJC_ISA_USAGE = YES_ERROR;
				CLANG_WARN_DOCUMENTATION_COMMENTS = YES;
				CLANG_WARN_EMPTY_BODY = YES;
				CLANG_WARN_ENUM_CONVERSION = YES;
				CLANG_WARN_INFINITE_RECURSION = YES;
				CLANG_WARN_INT_CONVERSION = YES;
				CLANG_WARN_NON_LITERAL_NULL_CONVERSION = YES;
				CLANG_WARN_OBJC_IMPLICIT_RETAIN_SELF = YES;
				CLANG_WARN_OBJC_LITERAL_CONVERSION = YES;
				CLANG_WARN_OBJC_ROOT_CLASS = YES_ERROR;
				CLANG_WARN_QUOTED_INCLUDE_IN_FRAMEWORK_HEADER = YES;
				CLANG_WARN_RANGE_LOOP_ANALYSIS = YES;
				CLANG_WARN_STRICT_PROTOTYPES = YES;
				CLANG_WARN_SUSPICIOUS_MOVE = YES;
				CLANG_WARN_UNGUARDED_AVAILABILITY = YES_AGGRESSIVE;
				CLANG_WARN_UNREACHABLE_CODE = YES;
				CLANG_WARN__DUPLICATE_METHOD_MATCH = YES;
				COPY_PHASE_STRIP = NO;
				DEBUG_INFORMATION_FORMAT = "dwarf-with-dsym";
				ENABLE_NS_ASSERTIONS = NO;
				ENABLE_STRICT_OBJC_MSGSEND = YES;
				ENABLE_USER_SCRIPT_SANDBOXING = YES;
				GCC_C_LANGUAGE_STANDARD = gnu17;
				GCC_NO_COMMON_BLOCKS = YES;
				GCC_WARN_64_TO_32_BIT_CONVERSION = YES;
				GCC_WARN_ABOUT_RETURN_TYPE = YES_ERROR;
				GCC_WARN_UNDECLARED_SELECTOR = YES;
				GCC_WARN_UNINITIALIZED_AUTOS = YES_AGGRESSIVE;
				GCC_WARN_UNUSED_FUNCTION = YES;
				GCC_WARN_UNUSED_VARIABLE = YES;
				IPHONEOS_DEPLOYMENT_TARGET = 17.2;
				LOCALIZATION_PREFERS_STRING_CATALOGS = YES;
				MTL_ENABLE_DEBUG_INFO = NO;
				MTL_FAST_MATH = YES;
				SDKROOT = iphoneos;
				SWIFT_COMPILATION_MODE = wholemodule;
				VALIDATE_PRODUCT = YES;
			};
			name = Release;
		};
		F569F4112B6DD14E0068B84B /* Debug */ = {
			isa = XCBuildConfiguration;
			buildSettings = {
				ASSETCATALOG_COMPILER_APPICON_NAME = AppIcon;
				ASSETCATALOG_COMPILER_GLOBAL_ACCENT_COLOR_NAME = AccentColor;
				CODE_SIGN_STYLE = Automatic;
				CURRENT_PROJECT_VERSION = 1;
				DEVELOPMENT_ASSET_PATHS = "\"FIrebaseSwiftUI/Preview Content\"";
				DEVELOPMENT_TEAM = JW7XU6ZTSV;
				ENABLE_PREVIEWS = YES;
				GENERATE_INFOPLIST_FILE = YES;
				INFOPLIST_KEY_UIApplicationSceneManifest_Generation = YES;
				INFOPLIST_KEY_UIApplicationSupportsIndirectInputEvents = YES;
				INFOPLIST_KEY_UILaunchScreen_Generation = YES;
				INFOPLIST_KEY_UISupportedInterfaceOrientations_iPad = "UIInterfaceOrientationPortrait UIInterfaceOrientationPortraitUpsideDown UIInterfaceOrientationLandscapeLeft UIInterfaceOrientationLandscapeRight";
				INFOPLIST_KEY_UISupportedInterfaceOrientations_iPhone = "UIInterfaceOrientationPortrait UIInterfaceOrientationLandscapeLeft UIInterfaceOrientationLandscapeRight";
				LD_RUNPATH_SEARCH_PATHS = (
					"$(inherited)",
					"@executable_path/Frameworks",
				);
				MARKETING_VERSION = 1.0;
				PRODUCT_BUNDLE_IDENTIFIER = com.hiroki.test.FIrebaseSwiftUI;
				PRODUCT_NAME = "$(TARGET_NAME)";
				SWIFT_EMIT_LOC_STRINGS = YES;
				SWIFT_VERSION = 5.0;
				TARGETED_DEVICE_FAMILY = "1,2";
			};
			name = Debug;
		};
		F569F4122B6DD14E0068B84B /* Release */ = {
			isa = XCBuildConfiguration;
			buildSettings = {
				ASSETCATALOG_COMPILER_APPICON_NAME = AppIcon;
				ASSETCATALOG_COMPILER_GLOBAL_ACCENT_COLOR_NAME = AccentColor;
				CODE_SIGN_STYLE = Automatic;
				CURRENT_PROJECT_VERSION = 1;
				DEVELOPMENT_ASSET_PATHS = "\"FIrebaseSwiftUI/Preview Content\"";
				DEVELOPMENT_TEAM = JW7XU6ZTSV;
				ENABLE_PREVIEWS = YES;
				GENERATE_INFOPLIST_FILE = YES;
				INFOPLIST_KEY_UIApplicationSceneManifest_Generation = YES;
				INFOPLIST_KEY_UIApplicationSupportsIndirectInputEvents = YES;
				INFOPLIST_KEY_UILaunchScreen_Generation = YES;
				INFOPLIST_KEY_UISupportedInterfaceOrientations_iPad = "UIInterfaceOrientationPortrait UIInterfaceOrientationPortraitUpsideDown UIInterfaceOrientationLandscapeLeft UIInterfaceOrientationLandscapeRight";
				INFOPLIST_KEY_UISupportedInterfaceOrientations_iPhone = "UIInterfaceOrientationPortrait UIInterfaceOrientationLandscapeLeft UIInterfaceOrientationLandscapeRight";
				LD_RUNPATH_SEARCH_PATHS = (
					"$(inherited)",
					"@executable_path/Frameworks",
				);
				MARKETING_VERSION = 1.0;
				PRODUCT_BUNDLE_IDENTIFIER = com.hiroki.test.FIrebaseSwiftUI;
				PRODUCT_NAME = "$(TARGET_NAME)";
				SWIFT_EMIT_LOC_STRINGS = YES;
				SWIFT_VERSION = 5.0;
				TARGETED_DEVICE_FAMILY = "1,2";
			};
			name = Release;
		};
		F569F4142B6DD14E0068B84B /* Debug */ = {
			isa = XCBuildConfiguration;
			buildSettings = {
				ALWAYS_EMBED_SWIFT_STANDARD_LIBRARIES = YES;
				BUNDLE_LOADER = "$(TEST_HOST)";
				CODE_SIGN_STYLE = Automatic;
				CURRENT_PROJECT_VERSION = 1;
				DEVELOPMENT_TEAM = JW7XU6ZTSV;
				GENERATE_INFOPLIST_FILE = YES;
				IPHONEOS_DEPLOYMENT_TARGET = 17.2;
				MARKETING_VERSION = 1.0;
				PRODUCT_BUNDLE_IDENTIFIER = com.hiroki.test.FIrebaseSwiftUITests;
				PRODUCT_NAME = "$(TARGET_NAME)";
				SWIFT_EMIT_LOC_STRINGS = NO;
				SWIFT_VERSION = 5.0;
				TARGETED_DEVICE_FAMILY = "1,2";
				TEST_HOST = "$(BUILT_PRODUCTS_DIR)/FIrebaseSwiftUI.app/$(BUNDLE_EXECUTABLE_FOLDER_PATH)/FIrebaseSwiftUI";
			};
			name = Debug;
		};
		F569F4152B6DD14E0068B84B /* Release */ = {
			isa = XCBuildConfiguration;
			buildSettings = {
				ALWAYS_EMBED_SWIFT_STANDARD_LIBRARIES = YES;
				BUNDLE_LOADER = "$(TEST_HOST)";
				CODE_SIGN_STYLE = Automatic;
				CURRENT_PROJECT_VERSION = 1;
				DEVELOPMENT_TEAM = JW7XU6ZTSV;
				GENERATE_INFOPLIST_FILE = YES;
				IPHONEOS_DEPLOYMENT_TARGET = 17.2;
				MARKETING_VERSION = 1.0;
				PRODUCT_BUNDLE_IDENTIFIER = com.hiroki.test.FIrebaseSwiftUITests;
				PRODUCT_NAME = "$(TARGET_NAME)";
				SWIFT_EMIT_LOC_STRINGS = NO;
				SWIFT_VERSION = 5.0;
				TARGETED_DEVICE_FAMILY = "1,2";
				TEST_HOST = "$(BUILT_PRODUCTS_DIR)/FIrebaseSwiftUI.app/$(BUNDLE_EXECUTABLE_FOLDER_PATH)/FIrebaseSwiftUI";
			};
			name = Release;
		};
		F569F4172B6DD14E0068B84B /* Debug */ = {
			isa = XCBuildConfiguration;
			buildSettings = {
				ALWAYS_EMBED_SWIFT_STANDARD_LIBRARIES = YES;
				CODE_SIGN_STYLE = Automatic;
				CURRENT_PROJECT_VERSION = 1;
				DEVELOPMENT_TEAM = JW7XU6ZTSV;
				GENERATE_INFOPLIST_FILE = YES;
				MARKETING_VERSION = 1.0;
				PRODUCT_BUNDLE_IDENTIFIER = com.hiroki.test.FIrebaseSwiftUIUITests;
				PRODUCT_NAME = "$(TARGET_NAME)";
				SWIFT_EMIT_LOC_STRINGS = NO;
				SWIFT_VERSION = 5.0;
				TARGETED_DEVICE_FAMILY = "1,2";
				TEST_TARGET_NAME = FIrebaseSwiftUI;
			};
			name = Debug;
		};
		F569F4182B6DD14E0068B84B /* Release */ = {
			isa = XCBuildConfiguration;
			buildSettings = {
				ALWAYS_EMBED_SWIFT_STANDARD_LIBRARIES = YES;
				CODE_SIGN_STYLE = Automatic;
				CURRENT_PROJECT_VERSION = 1;
				DEVELOPMENT_TEAM = JW7XU6ZTSV;
				GENERATE_INFOPLIST_FILE = YES;
				MARKETING_VERSION = 1.0;
				PRODUCT_BUNDLE_IDENTIFIER = com.hiroki.test.FIrebaseSwiftUIUITests;
				PRODUCT_NAME = "$(TARGET_NAME)";
				SWIFT_EMIT_LOC_STRINGS = NO;
				SWIFT_VERSION = 5.0;
				TARGETED_DEVICE_FAMILY = "1,2";
				TEST_TARGET_NAME = FIrebaseSwiftUI;
			};
			name = Release;
		};
/* End XCBuildConfiguration section */

/* Begin XCConfigurationList section */
		F569F3E72B6DD14C0068B84B /* Build configuration list for PBXProject "FIrebaseSwiftUI" */ = {
			isa = XCConfigurationList;
			buildConfigurations = (
				F569F40E2B6DD14E0068B84B /* Debug */,
				F569F40F2B6DD14E0068B84B /* Release */,
			);
			defaultConfigurationIsVisible = 0;
			defaultConfigurationName = Release;
		};
		F569F4102B6DD14E0068B84B /* Build configuration list for PBXNativeTarget "FIrebaseSwiftUI" */ = {
			isa = XCConfigurationList;
			buildConfigurations = (
				F569F4112B6DD14E0068B84B /* Debug */,
				F569F4122B6DD14E0068B84B /* Release */,
			);
			defaultConfigurationIsVisible = 0;
			defaultConfigurationName = Release;
		};
		F569F4132B6DD14E0068B84B /* Build configuration list for PBXNativeTarget "FIrebaseSwiftUITests" */ = {
			isa = XCConfigurationList;
			buildConfigurations = (
				F569F4142B6DD14E0068B84B /* Debug */,
				F569F4152B6DD14E0068B84B /* Release */,
			);
			defaultConfigurationIsVisible = 0;
			defaultConfigurationName = Release;
		};
		F569F4162B6DD14E0068B84B /* Build configuration list for PBXNativeTarget "FIrebaseSwiftUIUITests" */ = {
			isa = XCConfigurationList;
			buildConfigurations = (
				F569F4172B6DD14E0068B84B /* Debug */,
				F569F4182B6DD14E0068B84B /* Release */,
			);
			defaultConfigurationIsVisible = 0;
			defaultConfigurationName = Release;
		};
/* End XCConfigurationList section */

/* Begin XCRemoteSwiftPackageReference section */
		F569F41C2B6DD7FB0068B84B /* XCRemoteSwiftPackageReference "firebase-ios-sdk" */ = {
			isa = XCRemoteSwiftPackageReference;
			repositoryURL = "https://github.com/firebase/firebase-ios-sdk";
			requirement = {
				kind = upToNextMajorVersion;
				minimumVersion = 10.20.0;
			};
		};
/* End XCRemoteSwiftPackageReference section */

/* Begin XCSwiftPackageProductDependency section */
		F569F41D2B6DD7FB0068B84B /* FirebaseAuth */ = {
			isa = XCSwiftPackageProductDependency;
			package = F569F41C2B6DD7FB0068B84B /* XCRemoteSwiftPackageReference "firebase-ios-sdk" */;
			productName = FirebaseAuth;
		};
		F569F4312B6DE76D0068B84B /* FirebaseDatabase */ = {
			isa = XCSwiftPackageProductDependency;
			package = F569F41C2B6DD7FB0068B84B /* XCRemoteSwiftPackageReference "firebase-ios-sdk" */;
			productName = FirebaseDatabase;
		};
/* End XCSwiftPackageProductDependency section */
	};
	rootObject = F569F3E42B6DD14C0068B84B /* Project object */;
}
